github.com/metacubex/wazero v0.0.0-20260628025728-9ae6bdcf2a7d h1:UMFI+kdp0jA8s9tC7oul0pWeTW6s8lnm0dD5PT+RY14=
github.com/metacubex/wazero v0.0.0-20260628025728-9ae6bdcf2a7d/go.mod h1:p48xp436h1oGfoXuEnVONeDhTW+E2UpY94GAVxA62oI=
golang.org/x/sys v0.44.0 h1:ildZl3J4uzeKP07r2F++Op7E9B29JRUy+a27EibtBTQ=
golang.org/x/sys v0.44.0/go.mod h1:4GL1E5IUh+htKOUEOaiffhrAeqysfVGipDYzABqnCmw=
